// !$*UTF8*$!
{
	archiveVersion = 1;
	classes = {
	};
	objectVersion = 50;
	objects = {

/* Begin PBXBuildFile section */
		833CC710237A806A0068A110 /* NotesVC.swift in Sources */ = {isa = PBXBuildFile; fileRef = 833CC70F237A806A0068A110 /* NotesVC.swift */; };
		833CC712237A8D520068A110 /* NoteCell.swift in Sources */ = {isa = PBXBuildFile; fileRef = 833CC711237A8D520068A110 /* NoteCell.swift */; };
		833CC714237A98E90068A110 /* TakeNoteVC.swift in Sources */ = {isa = PBXBuildFile; fileRef = 833CC713237A98E90068A110 /* TakeNoteVC.swift */; };
		9B1216C623749310006C21F5 /* AppDelegate.swift in Sources */ = {isa = PBXBuildFile; fileRef = 9B1216C523749310006C21F5 /* AppDelegate.swift */; };
		9B1216C823749310006C21F5 /* SceneDelegate.swift in Sources */ = {isa = PBXBuildFile; fileRef = 9B1216C723749310006C21F5 /* SceneDelegate.swift */; };
		9B1216CD23749310006C21F5 /* Main.storyboard in Resources */ = {isa = PBXBuildFile; fileRef = 9B1216CB23749310006C21F5 /* Main.storyboard */; };
		9B1216CF23749318006C21F5 /* Assets.xcassets in Resources */ = {isa = PBXBuildFile; fileRef = 9B1216CE23749318006C21F5 /* Assets.xcassets */; };
		9B1216D223749318006C21F5 /* LaunchScreen.storyboard in Resources */ = {isa = PBXBuildFile; fileRef = 9B1216D023749318006C21F5 /* LaunchScreen.storyboard */; };
		9B1216E123749E91006C21F5 /* FolderCell.swift in Sources */ = {isa = PBXBuildFile; fileRef = 9B1216DF23749E91006C21F5 /* FolderCell.swift */; };
		9B1216E523749FEA006C21F5 /* FoldersVC.swift in Sources */ = {isa = PBXBuildFile; fileRef = 9B1216E423749FEA006C21F5 /* FoldersVC.swift */; };
		9B1216E82374A774006C21F5 /* Folder.swift in Sources */ = {isa = PBXBuildFile; fileRef = 9B1216E72374A774006C21F5 /* Folder.swift */; };
		9B1216EA2374CE5D006C21F5 /* Note.swift in Sources */ = {isa = PBXBuildFile; fileRef = 9B1216E92374CE5D006C21F5 /* Note.swift */; };
		9BF19C3E2379E48B00539A70 /* utils.swift in Sources */ = {isa = PBXBuildFile; fileRef = 9BF19C3D2379E48B00539A70 /* utils.swift */; };
/* End PBXBuildFile section */

/* Begin PBXFileReference section */
		833CC70F237A806A0068A110 /* NotesVC.swift */ = {isa = PBXFileReference; lastKnownFileType = sourcecode.swift; path = NotesVC.swift; sourceTree = "<group>"; };
		833CC711237A8D520068A110 /* NoteCell.swift */ = {isa = PBXFileReference; lastKnownFileType = sourcecode.swift; path = NoteCell.swift; sourceTree = "<group>"; };
		833CC713237A98E90068A110 /* TakeNoteVC.swift */ = {isa = PBXFileReference; lastKnownFileType = sourcecode.swift; path = TakeNoteVC.swift; sourceTree = "<group>"; };
		9B1216C223749310006C21F5 /* Rudrik_c0757521_Note_p1.app */ = {isa = PBXFileReference; explicitFileType = wrapper.application; includeInIndex = 0; path = Rudrik_c0757521_Note_p1.app; sourceTree = BUILT_PRODUCTS_DIR; };
		9B1216C523749310006C21F5 /* AppDelegate.swift */ = {isa = PBXFileReference; lastKnownFileType = sourcecode.swift; path = AppDelegate.swift; sourceTree = "<group>"; };
		9B1216C723749310006C21F5 /* SceneDelegate.swift */ = {isa = PBXFileReference; lastKnownFileType = sourcecode.swift; path = SceneDelegate.swift; sourceTree = "<group>"; };
		9B1216CC23749310006C21F5 /* Base */ = {isa = PBXFileReference; lastKnownFileType = file.storyboard; name = Base; path = Base.lproj/Main.storyboard; sourceTree = "<group>"; };
		9B1216CE23749318006C21F5 /* Assets.xcassets */ = {isa = PBXFileReference; lastKnownFileType = folder.assetcatalog; path = Assets.xcassets; sourceTree = "<group>"; };
		9B1216D123749318006C21F5 /* Base */ = {isa = PBXFileReference; lastKnownFileType = file.storyboard; name = Base; path = Base.lproj/LaunchScreen.storyboard; sourceTree = "<group>"; };
		9B1216D323749318006C21F5 /* Info.plist */ = {isa = PBXFileReference; lastKnownFileType = text.plist.xml; path = Info.plist; sourceTree = "<group>"; };
		9B1216DF23749E91006C21F5 /* FolderCell.swift */ = {isa = PBXFileReference; lastKnownFileType = sourcecode.swift; path = FolderCell.swift; sourceTree = "<group>"; };
		9B1216E423749FEA006C21F5 /* FoldersVC.swift */ = {isa = PBXFileReference; lastKnownFileType = sourcecode.swift; path = FoldersVC.swift; sourceTree = "<group>"; };
		9B1216E72374A774006C21F5 /* Folder.swift */ = {isa = PBXFileReference; lastKnownFileType = sourcecode.swift; path = Folder.swift; sourceTree = "<group>"; };
		9B1216E92374CE5D006C21F5 /* Note.swift */ = {isa = PBXFileReference; lastKnownFileType = sourcecode.swift; path = Note.swift; sourceTree = "<group>"; };
		9BF19C3D2379E48B00539A70 /* utils.swift */ = {isa = PBXFileReference; lastKnownFileType = sourcecode.swift; path = utils.swift; sourceTree = "<group>"; };
/* End PBXFileReference section */

/* Begin PBXFrameworksBuildPhase section */
		9B1216BF23749310006C21F5 /* Frameworks */ = {
			isa = PBXFrameworksBuildPhase;
			buildActionMask = 2147483647;
			files = (
			);
			runOnlyForDeploymentPostprocessing = 0;
		};
/* End PBXFrameworksBuildPhase section */

/* Begin PBXGroup section */
		9B1216B923749310006C21F5 = {
			isa = PBXGroup;
			children = (
				9B1216C423749310006C21F5 /* Rudrik_c0757521_Note_p1 */,
				9B1216C323749310006C21F5 /* Products */,
			);
			sourceTree = "<group>";
		};
		9B1216C323749310006C21F5 /* Products */ = {
			isa = PBXGroup;
			children = (
				9B1216C223749310006C21F5 /* Rudrik_c0757521_Note_p1.app */,
			);
			name = Products;
			sourceTree = "<group>";
		};
		9B1216C423749310006C21F5 /* Rudrik_c0757521_Note_p1 */ = {
			isa = PBXGroup;
			children = (
				9B1216D023749318006C21F5 /* LaunchScreen.storyboard */,
				9B1216D323749318006C21F5 /* Info.plist */,
				9B1216C523749310006C21F5 /* AppDelegate.swift */,
				9B1216C723749310006C21F5 /* SceneDelegate.swift */,
				9B1216CE23749318006C21F5 /* Assets.xcassets */,
				9B1216CB23749310006C21F5 /* Main.storyboard */,
				9B1216E62374A762006C21F5 /* Models */,
				9B1216E323749FC1006C21F5 /* Controllers */,
				9B1216DE23749E5C006C21F5 /* Cells */,
				9BF19C3D2379E48B00539A70 /* utils.swift */,
			);
			path = Rudrik_c0757521_Note_p1;
			sourceTree = "<group>";
		};
		9B1216DE23749E5C006C21F5 /* Cells */ = {
			isa = PBXGroup;
			children = (
				9B1216DF23749E91006C21F5 /* FolderCell.swift */,
				833CC711237A8D520068A110 /* NoteCell.swift */,
			);
			path = Cells;
			sourceTree = "<group>";
		};
		9B1216E323749FC1006C21F5 /* Controllers */ = {
			isa = PBXGroup;
			children = (
				9B1216E423749FEA006C21F5 /* FoldersVC.swift */,
				833CC70F237A806A0068A110 /* NotesVC.swift */,
				833CC713237A98E90068A110 /* TakeNoteVC.swift */,
			);
			path = Controllers;
			sourceTree = "<group>";
		};
		9B1216E62374A762006C21F5 /* Models */ = {
			isa = PBXGroup;
			children = (
				9B1216E72374A774006C21F5 /* Folder.swift */,
				9B1216E92374CE5D006C21F5 /* Note.swift */,
			);
			path = Models;
			sourceTree = "<group>";
		};
/* End PBXGroup section */

/* Begin PBXNativeTarget section */
		9B1216C123749310006C21F5 /* Rudrik_c0757521_Note_p1 */ = {
			isa = PBXNativeTarget;
			buildConfigurationList = 9B1216D623749318006C21F5 /* Build configuration list for PBXNativeTarget "Rudrik_c0757521_Note_p1" */;
			buildPhases = (
				9B1216BE23749310006C21F5 /* Sources */,
				9B1216BF23749310006C21F5 /* Frameworks */,
				9B1216C023749310006C21F5 /* Resources */,
			);
			buildRules = (
			);
			dependencies = (
			);
			name = Rudrik_c0757521_Note_p1;
			productName = Rudrik_c0757521_Note_p1;
			productReference = 9B1216C223749310006C21F5 /* Rudrik_c0757521_Note_p1.app */;
			productType = "com.apple.product-type.application";
		};
/* End PBXNativeTarget section */

/* Begin PBXProject section */
		9B1216BA23749310006C21F5 /* Project object */ = {
			isa = PBXProject;
			attributes = {
				LastSwiftUpdateCheck = 1120;
				LastUpgradeCheck = 1120;
				ORGANIZATIONNAME = MacStudent;
				TargetAttributes = {
					9B1216C123749310006C21F5 = {
						CreatedOnToolsVersion = 11.2;
					};
				};
			};
			buildConfigurationList = 9B1216BD23749310006C21F5 /* Build configuration list for PBXProject "Rudrik_c0757521_Note_p1" */;
			compatibilityVersion = "Xcode 9.3";
			developmentRegion = en;
			hasScannedForEncodings = 0;
			knownRegions = (
				en,
				Base,
			);
			mainGroup = 9B1216B923749310006C21F5;
			productRefGroup = 9B1216C323749310006C21F5 /* Products */;
			projectDirPath = "";
			projectRoot = "";
			targets = (
				9B1216C123749310006C21F5 /* Rudrik_c0757521_Note_p1 */,
			);
		};
/* End PBXProject section */

/* Begin PBXResourcesBuildPhase section */
		9B1216C023749310006C21F5 /* Resources */ = {
			isa = PBXResourcesBuildPhase;
			buildActionMask = 2147483647;
			files = (
				9B1216D223749318006C21F5 /* LaunchScreen.storyboard in Resources */,
				9B1216CF23749318006C21F5 /* Assets.xcassets in Resources */,
				9B1216CD23749310006C21F5 /* Main.storyboard in Resources */,
			);
			runOnlyForDeploymentPostprocessing = 0;
		};
/* End PBXResourcesBuildPhase section */

/* Begin PBXSourcesBuildPhase section */
		9B1216BE23749310006C21F5 /* Sources */ = {
			isa = PBXSourcesBuildPhase;
			buildActionMask = 2147483647;
			files = (
				9B1216C623749310006C21F5 /* AppDelegate.swift in Sources */,
				9BF19C3E2379E48B00539A70 /* utils.swift in Sources */,
				833CC710237A806A0068A110 /* NotesVC.swift in Sources */,
				9B1216E82374A774006C21F5 /* Folder.swift in Sources */,
				9B1216C823749310006C21F5 /* SceneDelegate.swift in Sources */,
				9B1216E523749FEA006C21F5 /* FoldersVC.swift in Sources */,
				833CC712237A8D520068A110 /* NoteCell.swift in Sources */,
				9B1216E123749E91006C21F5 /* FolderCell.swift in Sources */,
				9B1216EA2374CE5D006C21F5 /* Note.swift in Sources */,
				833CC714237A98E90068A110 /* TakeNoteVC.swift in Sources */,
			);
			runOnlyForDeploymentPostprocessing = 0;
		};
/* End PBXSourcesBuildPhase section */

/* Begin PBXVariantGroup section */
		9B1216CB23749310006C21F5 /* Main.storyboard */ = {
			isa = PBXVariantGroup;
			children = (
				9B1216CC23749310006C21F5 /* Base */,
			);
			name = Main.storyboard;
			sourceTree = "<group>";
		};
		9B1216D023749318006C21F5 /* LaunchScreen.storyboard */ = {
			isa = PBXVariantGroup;
			children = (
				9B1216D123749318006C21F5 /* Base */,
			);
			name = LaunchScreen.storyboard;
			sourceTree = "<group>";
		};
/* End PBXVariantGroup section */

/* Begin XCBuildConfiguration section */
		9B1216D423749318006C21F5 /* Debug */ = {
			isa = XCBuildConfiguration;
			buildSettings = {
				ALWAYS_SEARCH_USER_PATHS = NO;
				CLANG_ANALYZER_NONNULL = YES;
				CLANG_ANALYZER_NUMBER_OBJECT_CONVERSION = YES_AGGRESSIVE;
				CLANG_CXX_LANGUAGE_STANDARD = "gnu++14";
				CLANG_CXX_LIBRARY = "libc++";
				CLANG_ENABLE_MODULES = YES;
				CLANG_ENABLE_OBJC_ARC = YES;
				CLANG_ENABLE_OBJC_WEAK = YES;
				CLANG_WARN_BLOCK_CAPTURE_AUTORELEASING = YES;
				CLANG_WARN_BOOL_CONVERSION = YES;
				CLANG_WARN_COMMA = YES;
				CLANG_WARN_CONSTANT_CONVERSION = YES;
				CLANG_WARN_DEPRECATED_OBJC_IMPLEMENTATIONS = YES;
				CLANG_WARN_DIRECT_OBJC_ISA_USAGE = YES_ERROR;
				CLANG_WARN_DOCUMENTATION_COMMENTS = YES;
				CLANG_WARN_EMPTY_BODY = YES;
				CLANG_WARN_ENUM_CONVERSION = YES;
				CLANG_WARN_INFINITE_RECURSION = YES;
				CLANG_WARN_INT_CONVERSION = YES;
				CLANG_WARN_NON_LITERAL_NULL_CONVERSION = YES;
				CLANG_WARN_OBJC_IMPLICIT_RETAIN_SELF = YES;
				CLANG_WARN_OBJC_LITERAL_CONVERSION = YES;
				CLANG_WARN_OBJC_ROOT_CLASS = YES_ERROR;
				CLANG_WARN_RANGE_LOOP_ANALYSIS = YES;
				CLANG_WARN_STRICT_PROTOTYPES = YES;
				CLANG_WARN_SUSPICIOUS_MOVE = YES;
				CLANG_WARN_UNGUARDED_AVAILABILITY = YES_AGGRESSIVE;
				CLANG_WARN_UNREACHABLE_CODE = YES;
				CLANG_WARN__DUPLICATE_METHOD_MATCH = YES;
				COPY_PHASE_STRIP = NO;
				DEBUG_INFORMATION_FORMAT = dwarf;
				ENABLE_STRICT_OBJC_MSGSEND = YES;
				ENABLE_TESTABILITY = YES;
				GCC_C_LANGUAGE_STANDARD = gnu11;
				GCC_DYNAMIC_NO_PIC = NO;
				GCC_NO_COMMON_BLOCKS = YES;
				GCC_OPTIMIZATION_LEVEL = 0;
				GCC_PREPROCESSOR_DEFINITIONS = (
					"DEBUG=1",
					"$(inherited)",
				);
				GCC_WARN_64_TO_32_BIT_CONVERSION = YES;
				GCC_WARN_ABOUT_RETURN_TYPE = YES_ERROR;
				GCC_WARN_UNDECLARED_SELECTOR = YES;
				GCC_WARN_UNINITIALIZED_AUTOS = YES_AGGRESSIVE;
				GCC_WARN_UNUSED_FUNCTION = YES;
				GCC_WARN_UNUSED_VARIABLE = YES;
				IPHONEOS_DEPLOYMENT_TARGET = 13.2;
				MTL_ENABLE_DEBUG_INFO = INCLUDE_SOURCE;
				MTL_FAST_MATH = YES;
				ONLY_ACTIVE_ARCH = YES;
				SDKROOT = iphoneos;
				SWIFT_ACTIVE_COMPILATION_CONDITIONS = DEBUG;
				SWIFT_OPTIMIZATION_LEVEL = "-Onone";
			};
			name = Debug;
		};
		9B1216D523749318006C21F5 /* Release */ = {
			isa = XCBuildConfiguration;
			buildSettings = {
				ALWAYS_SEARCH_USER_PATHS = NO;
				CLANG_ANALYZER_NONNULL = YES;
				CLANG_ANALYZER_NUMBER_OBJECT_CONVERSION = YES_AGGRESSIVE;
				CLANG_CXX_LANGUAGE_STANDARD = "gnu++14";
				CLANG_CXX_LIBRARY = "libc++";
				CLANG_ENABLE_MODULES = YES;
				CLANG_ENABLE_OBJC_ARC = YES;
				CLANG_ENABLE_OBJC_WEAK = YES;
				CLANG_WARN_BLOCK_CAPTURE_AUTORELEASING = YES;
				CLANG_WARN_BOOL_CONVERSION = YES;
				CLANG_WARN_COMMA = YES;
				CLANG_WARN_CONSTANT_CONVERSION = YES;
				CLANG_WARN_DEPRECATED_OBJC_IMPLEMENTATIONS = YES;
				CLANG_WARN_DIRECT_OBJC_ISA_USAGE = YES_ERROR;
				CLANG_WARN_DOCUMENTATION_COMMENTS = YES;
				CLANG_WARN_EMPTY_BODY = YES;
				CLANG_WARN_ENUM_CONVERSION = YES;
				CLANG_WARN_INFINITE_RECURSION = YES;
				CLANG_WARN_INT_CONVERSION = YES;
				CLANG_WARN_NON_LITERAL_NULL_CONVERSION = YES;
				CLANG_WARN_OBJC_IMPLICIT_RETAIN_SELF = YES;
				CLANG_WARN_OBJC_LITERAL_CONVERSION = YES;
				CLANG_WARN_OBJC_ROOT_CLASS = YES_ERROR;
				CLANG_WARN_RANGE_LOOP_ANALYSIS = YES;
				CLANG_WARN_STRICT_PROTOTYPES = YES;
				CLANG_WARN_SUSPICIOUS_MOVE = YES;
				CLANG_WARN_UNGUARDED_AVAILABILITY = YES_AGGRESSIVE;
				CLANG_WARN_UNREACHABLE_CODE = YES;
				CLANG_WARN__DUPLICATE_METHOD_MATCH = YES;
				COPY_PHASE_STRIP = NO;
				DEBUG_INFORMATION_FORMAT = "dwarf-with-dsym";
				ENABLE_NS_ASSERTIONS = NO;
				ENABLE_STRICT_OBJC_MSGSEND = YES;
				GCC_C_LANGUAGE_STANDARD = gnu11;
				GCC_NO_COMMON_BLOCKS = YES;
				GCC_WARN_64_TO_32_BIT_CONVERSION = YES;
				GCC_WARN_ABOUT_RETURN_TYPE = YES_ERROR;
				GCC_WARN_UNDECLARED_SELECTOR = YES;
				GCC_WARN_UNINITIALIZED_AUTOS = YES_AGGRESSIVE;
				GCC_WARN_UNUSED_FUNCTION = YES;
				GCC_WARN_UNUSED_VARIABLE = YES;
				IPHONEOS_DEPLOYMENT_TARGET = 13.2;
				MTL_ENABLE_DEBUG_INFO = NO;
				MTL_FAST_MATH = YES;
				SDKROOT = iphoneos;
				SWIFT_COMPILATION_MODE = wholemodule;
				SWIFT_OPTIMIZATION_LEVEL = "-O";
				VALIDATE_PRODUCT = YES;
			};
			name = Release;
		};
		9B1216D723749318006C21F5 /* Debug */ = {
			isa = XCBuildConfiguration;
			buildSettings = {
				ASSETCATALOG_COMPILER_APPICON_NAME = AppIcon;
				CODE_SIGN_STYLE = Automatic;
				INFOPLIST_FILE = Rudrik_c0757521_Note_p1/Info.plist;
				LD_RUNPATH_SEARCH_PATHS = (
					"$(inherited)",
					"@executable_path/Frameworks",
				);
				PRODUCT_BUNDLE_IDENTIFIER = "CestarCollege.Rudrik-c0757521-Note-p1";
				PRODUCT_NAME = "$(TARGET_NAME)";
				SWIFT_VERSION = 5.0;
				TARGETED_DEVICE_FAMILY = "1,2";
			};
			name = Debug;
		};
		9B1216D823749318006C21F5 /* Release */ = {
			isa = XCBuildConfiguration;
			buildSettings = {
				ASSETCATALOG_COMPILER_APPICON_NAME = AppIcon;
				CODE_SIGN_STYLE = Automatic;
				INFOPLIST_FILE = Rudrik_c0757521_Note_p1/Info.plist;
				LD_RUNPATH_SEARCH_PATHS = (
					"$(inherited)",
					"@executable_path/Frameworks",
				);
				PRODUCT_BUNDLE_IDENTIFIER = "CestarCollege.Rudrik-c0757521-Note-p1";
				PRODUCT_NAME = "$(TARGET_NAME)";
				SWIFT_VERSION = 5.0;
				TARGETED_DEVICE_FAMILY = "1,2";
			};
			name = Release;
		};
/* End XCBuildConfiguration section */

/* Begin XCConfigurationList section */
		9B1216BD23749310006C21F5 /* Build configuration list for PBXProject "Rudrik_c0757521_Note_p1" */ = {
			isa = XCConfigurationList;
			buildConfigurations = (
				9B1216D423749318006C21F5 /* Debug */,
				9B1216D523749318006C21F5 /* Release */,
			);
			defaultConfigurationIsVisible = 0;
			defaultConfigurationName = Release;
		};
		9B1216D623749318006C21F5 /* Build configuration list for PBXNativeTarget "Rudrik_c0757521_Note_p1" */ = {
			isa = XCConfigurationList;
			buildConfigurations = (
				9B1216D723749318006C21F5 /* Debug */,
				9B1216D823749318006C21F5 /* Release */,
			);
			defaultConfigurationIsVisible = 0;
			defaultConfigurationName = Release;
		};
/* End XCConfigurationList section */
	};
	rootObject = 9B1216BA23749310006C21F5 /* Project object */;
}
